// !$*UTF8*$!
{
	archiveVersion = 1;
	classes = {
	};
	objectVersion = 51;
	objects = {

/* Begin PBXBuildFile section */
		45F68F55203A81186F67688E /* Pods_flixter.framework in Frameworks */ = {isa = PBXBuildFile; fileRef = 7309C33EA88C0C193AF31B8C /* Pods_flixter.framework */; };
		6599A391F82453B18A7DCF97 /* Pods_flixterTests.framework in Frameworks */ = {isa = PBXBuildFile; fileRef = 102D84D8A31EAA5F3389844A /* Pods_flixterTests.framework */; };
		8A3F02716F0E93CEE61A6612 /* Pods_flixter_flixterUITests.framework in Frameworks */ = {isa = PBXBuildFile; fileRef = 43D0B9299BE1B224D89BC63B /* Pods_flixter_flixterUITests.framework */; };
		DA205CD72352F5700077EB1D /* AppDelegate.swift in Sources */ = {isa = PBXBuildFile; fileRef = DA205CD62352F5700077EB1D /* AppDelegate.swift */; };
		DA205CD92352F5700077EB1D /* SceneDelegate.swift in Sources */ = {isa = PBXBuildFile; fileRef = DA205CD82352F5700077EB1D /* SceneDelegate.swift */; };
		DA205CDE2352F5700077EB1D /* Main.storyboard in Resources */ = {isa = PBXBuildFile; fileRef = DA205CDC2352F5700077EB1D /* Main.storyboard */; };
		DA205CE02352F5700077EB1D /* Assets.xcassets in Resources */ = {isa = PBXBuildFile; fileRef = DA205CDF2352F5700077EB1D /* Assets.xcassets */; };
		DA205CE32352F5700077EB1D /* LaunchScreen.storyboard in Resources */ = {isa = PBXBuildFile; fileRef = DA205CE12352F5700077EB1D /* LaunchScreen.storyboard */; };
		DA205CEE2352F5710077EB1D /* flixterTests.swift in Sources */ = {isa = PBXBuildFile; fileRef = DA205CED2352F5710077EB1D /* flixterTests.swift */; };
		DA205CF92352F5710077EB1D /* flixterUITests.swift in Sources */ = {isa = PBXBuildFile; fileRef = DA205CF82352F5710077EB1D /* flixterUITests.swift */; };
		DA205D072352F9960077EB1D /* MoviesViewController.swift in Sources */ = {isa = PBXBuildFile; fileRef = DA205D062352F9960077EB1D /* MoviesViewController.swift */; };
		DA766A722354547B0016D4F2 /* MovieCell.swift in Sources */ = {isa = PBXBuildFile; fileRef = DA766A712354547B0016D4F2 /* MovieCell.swift */; };
		DA7795EE235D4E4300BA9F2E /* MovieDetailsViewController.swift in Sources */ = {isa = PBXBuildFile; fileRef = DA7795ED235D4E4300BA9F2E /* MovieDetailsViewController.swift */; };
		DA7795F0235E880C00BA9F2E /* MovieGridViewController.swift in Sources */ = {isa = PBXBuildFile; fileRef = DA7795EF235E880C00BA9F2E /* MovieGridViewController.swift */; };
		DA7795F2235EA47100BA9F2E /* MovieGridCell.swift in Sources */ = {isa = PBXBuildFile; fileRef = DA7795F1235EA47100BA9F2E /* MovieGridCell.swift */; };
/* End PBXBuildFile section */

/* Begin PBXContainerItemProxy section */
		DA205CEA2352F5710077EB1D /* PBXContainerItemProxy */ = {
			isa = PBXContainerItemProxy;
			containerPortal = DA205CCB2352F5700077EB1D /* Project object */;
			proxyType = 1;
			remoteGlobalIDString = DA205CD22352F5700077EB1D;
			remoteInfo = flixter;
		};
		DA205CF52352F5710077EB1D /* PBXContainerItemProxy */ = {
			isa = PBXContainerItemProxy;
			containerPortal = DA205CCB2352F5700077EB1D /* Project object */;
			proxyType = 1;
			remoteGlobalIDString = DA205CD22352F5700077EB1D;
			remoteInfo = flixter;
		};
/* End PBXContainerItemProxy section */

/* Begin PBXFileReference section */
		102D84D8A31EAA5F3389844A /* Pods_flixterTests.framework */ = {isa = PBXFileReference; explicitFileType = wrapper.framework; includeInIndex = 0; path = Pods_flixterTests.framework; sourceTree = BUILT_PRODUCTS_DIR; };
		2EA3C8E85C57E44A97675E0B /* Pods-flixter.debug.xcconfig */ = {isa = PBXFileReference; includeInIndex = 1; lastKnownFileType = text.xcconfig; name = "Pods-flixter.debug.xcconfig"; path = "Target Support Files/Pods-flixter/Pods-flixter.debug.xcconfig"; sourceTree = "<group>"; };
		3071B0E487280768FF1C977C /* Pods-flixter.release.xcconfig */ = {isa = PBXFileReference; includeInIndex = 1; lastKnownFileType = text.xcconfig; name = "Pods-flixter.release.xcconfig"; path = "Target Support Files/Pods-flixter/Pods-flixter.release.xcconfig"; sourceTree = "<group>"; };
		3EA7EB838AAA8513E291AE17 /* Pods-flixterTests.debug.xcconfig */ = {isa = PBXFileReference; includeInIndex = 1; lastKnownFileType = text.xcconfig; name = "Pods-flixterTests.debug.xcconfig"; path = "Target Support Files/Pods-flixterTests/Pods-flixterTests.debug.xcconfig"; sourceTree = "<group>"; };
		43D0B9299BE1B224D89BC63B /* Pods_flixter_flixterUITests.framework */ = {isa = PBXFileReference; explicitFileType = wrapper.framework; includeInIndex = 0; path = Pods_flixter_flixterUITests.framework; sourceTree = BUILT_PRODUCTS_DIR; };
		5CAC7A070BC390E24F05DB46 /* Pods-flixterTests.release.xcconfig */ = {isa = PBXFileReference; includeInIndex = 1; lastKnownFileType = text.xcconfig; name = "Pods-flixterTests.release.xcconfig"; path = "Target Support Files/Pods-flixterTests/Pods-flixterTests.release.xcconfig"; sourceTree = "<group>"; };
		7309C33EA88C0C193AF31B8C /* Pods_flixter.framework */ = {isa = PBXFileReference; explicitFileType = wrapper.framework; includeInIndex = 0; path = Pods_flixter.framework; sourceTree = BUILT_PRODUCTS_DIR; };
		A0553DD73D394732867414E8 /* Pods-flixter-flixterUITests.release.xcconfig */ = {isa = PBXFileReference; includeInIndex = 1; lastKnownFileType = text.xcconfig; name = "Pods-flixter-flixterUITests.release.xcconfig"; path = "Target Support Files/Pods-flixter-flixterUITests/Pods-flixter-flixterUITests.release.xcconfig"; sourceTree = "<group>"; };
		B849EA61CC99CAA3CAC18AD8 /* Pods-flixter-flixterUITests.debug.xcconfig */ = {isa = PBXFileReference; includeInIndex = 1; lastKnownFileType = text.xcconfig; name = "Pods-flixter-flixterUITests.debug.xcconfig"; path = "Target Support Files/Pods-flixter-flixterUITests/Pods-flixter-flixterUITests.debug.xcconfig"; sourceTree = "<group>"; };
		DA205CD32352F5700077EB1D /* flixter.app */ = {isa = PBXFileReference; explicitFileType = wrapper.application; includeInIndex = 0; path = flixter.app; sourceTree = BUILT_PRODUCTS_DIR; };
		DA205CD62352F5700077EB1D /* AppDelegate.swift */ = {isa = PBXFileReference; lastKnownFileType = sourcecode.swift; path = AppDelegate.swift; sourceTree = "<group>"; };
		DA205CD82352F5700077EB1D /* SceneDelegate.swift */ = {isa = PBXFileReference; lastKnownFileType = sourcecode.swift; path = SceneDelegate.swift; sourceTree = "<group>"; };
		DA205CDD2352F5700077EB1D /* Base */ = {isa = PBXFileReference; lastKnownFileType = file.storyboard; name = Base; path = Base.lproj/Main.storyboard; sourceTree = "<group>"; };
		DA205CDF2352F5700077EB1D /* Assets.xcassets */ = {isa = PBXFileReference; lastKnownFileType = folder.assetcatalog; path = Assets.xcassets; sourceTree = "<group>"; };
		DA205CE22352F5700077EB1D /* Base */ = {isa = PBXFileReference; lastKnownFileType = file.storyboard; name = Base; path = Base.lproj/LaunchScreen.storyboard; sourceTree = "<group>"; };
		DA205CE42352F5700077EB1D /* Info.plist */ = {isa = PBXFileReference; lastKnownFileType = text.plist.xml; path = Info.plist; sourceTree = "<group>"; };
		DA205CE92352F5710077EB1D /* flixterTests.xctest */ = {isa = PBXFileReference; explicitFileType = wrapper.cfbundle; includeInIndex = 0; path = flixterTests.xctest; sourceTree = BUILT_PRODUCTS_DIR; };
		DA205CED2352F5710077EB1D /* flixterTests.swift */ = {isa = PBXFileReference; lastKnownFileType = sourcecode.swift; path = flixterTests.swift; sourceTree = "<group>"; };
		DA205CEF2352F5710077EB1D /* Info.plist */ = {isa = PBXFileReference; lastKnownFileType = text.plist.xml; path = Info.plist; sourceTree = "<group>"; };
		DA205CF42352F5710077EB1D /* flixterUITests.xctest */ = {isa = PBXFileReference; explicitFileType = wrapper.cfbundle; includeInIndex = 0; path = flixterUITests.xctest; sourceTree = BUILT_PRODUCTS_DIR; };
		DA205CF82352F5710077EB1D /* flixterUITests.swift */ = {isa = PBXFileReference; lastKnownFileType = sourcecode.swift; path = flixterUITests.swift; sourceTree = "<group>"; };
		DA205CFA2352F5710077EB1D /* Info.plist */ = {isa = PBXFileReference; lastKnownFileType = text.plist.xml; path = Info.plist; sourceTree = "<group>"; };
		DA205D062352F9960077EB1D /* MoviesViewController.swift */ = {isa = PBXFileReference; lastKnownFileType = sourcecode.swift; path = MoviesViewController.swift; sourceTree = "<group>"; };
		DA766A712354547B0016D4F2 /* MovieCell.swift */ = {isa = PBXFileReference; lastKnownFileType = sourcecode.swift; path = MovieCell.swift; sourceTree = "<group>"; };
		DA7795ED235D4E4300BA9F2E /* MovieDetailsViewController.swift */ = {isa = PBXFileReference; lastKnownFileType = sourcecode.swift; path = MovieDetailsViewController.swift; sourceTree = "<group>"; };
		DA7795EF235E880C00BA9F2E /* MovieGridViewController.swift */ = {isa = PBXFileReference; lastKnownFileType = sourcecode.swift; path = MovieGridViewController.swift; sourceTree = "<group>"; };
		DA7795F1235EA47100BA9F2E /* MovieGridCell.swift */ = {isa = PBXFileReference; lastKnownFileType = sourcecode.swift; path = MovieGridCell.swift; sourceTree = "<group>"; };
/* End PBXFileReference section */

/* Begin PBXFrameworksBuildPhase section */
		DA205CD02352F5700077EB1D /* Frameworks */ = {
			isa = PBXFrameworksBuildPhase;
			buildActionMask = 2147483647;
			files = (
				45F68F55203A81186F67688E /* Pods_flixter.framework in Frameworks */,
			);
			runOnlyForDeploymentPostprocessing = 0;
		};
		DA205CE62352F5710077EB1D /* Frameworks */ = {
			isa = PBXFrameworksBuildPhase;
			buildActionMask = 2147483647;
			files = (
				6599A391F82453B18A7DCF97 /* Pods_flixterTests.framework in Frameworks */,
			);
			runOnlyForDeploymentPostprocessing = 0;
		};
		DA205CF12352F5710077EB1D /* Frameworks */ = {
			isa = PBXFrameworksBuildPhase;
			buildActionMask = 2147483647;
			files = (
				8A3F02716F0E93CEE61A6612 /* Pods_flixter_flixterUITests.framework in Frameworks */,
			);
			runOnlyForDeploymentPostprocessing = 0;
		};
/* End PBXFrameworksBuildPhase section */

/* Begin PBXGroup section */
		6DE54224B2C4839683249AAC /* Frameworks */ = {
			isa = PBXGroup;
			children = (
				7309C33EA88C0C193AF31B8C /* Pods_flixter.framework */,
				43D0B9299BE1B224D89BC63B /* Pods_flixter_flixterUITests.framework */,
				102D84D8A31EAA5F3389844A /* Pods_flixterTests.framework */,
			);
			name = Frameworks;
			sourceTree = "<group>";
		};
		9DBD8F0FAEC5B29E9EEE1409 /* Pods */ = {
			isa = PBXGroup;
			children = (
				2EA3C8E85C57E44A97675E0B /* Pods-flixter.debug.xcconfig */,
				3071B0E487280768FF1C977C /* Pods-flixter.release.xcconfig */,
				B849EA61CC99CAA3CAC18AD8 /* Pods-flixter-flixterUITests.debug.xcconfig */,
				A0553DD73D394732867414E8 /* Pods-flixter-flixterUITests.release.xcconfig */,
				3EA7EB838AAA8513E291AE17 /* Pods-flixterTests.debug.xcconfig */,
				5CAC7A070BC390E24F05DB46 /* Pods-flixterTests.release.xcconfig */,
			);
			path = Pods;
			sourceTree = "<group>";
		};
		DA205CCA2352F5700077EB1D = {
			isa = PBXGroup;
			children = (
				DA205CD52352F5700077EB1D /* flixter */,
				DA205CEC2352F5710077EB1D /* flixterTests */,
				DA205CF72352F5710077EB1D /* flixterUITests */,
				DA205CD42352F5700077EB1D /* Products */,
				9DBD8F0FAEC5B29E9EEE1409 /* Pods */,
				6DE54224B2C4839683249AAC /* Frameworks */,
			);
			sourceTree = "<group>";
		};
		DA205CD42352F5700077EB1D /* Products */ = {
			isa = PBXGroup;
			children = (
				DA205CD32352F5700077EB1D /* flixter.app */,
				DA205CE92352F5710077EB1D /* flixterTests.xctest */,
				DA205CF42352F5710077EB1D /* flixterUITests.xctest */,
			);
			name = Products;
			sourceTree = "<group>";
		};
		DA205CD52352F5700077EB1D /* flixter */ = {
			isa = PBXGroup;
			children = (
				DA205D062352F9960077EB1D /* MoviesViewController.swift */,
				DA205CD62352F5700077EB1D /* AppDelegate.swift */,
				DA205CD82352F5700077EB1D /* SceneDelegate.swift */,
				DA205CDC2352F5700077EB1D /* Main.storyboard */,
				DA766A712354547B0016D4F2 /* MovieCell.swift */,
				DA205CDF2352F5700077EB1D /* Assets.xcassets */,
				DA205CE12352F5700077EB1D /* LaunchScreen.storyboard */,
				DA205CE42352F5700077EB1D /* Info.plist */,
				DA7795ED235D4E4300BA9F2E /* MovieDetailsViewController.swift */,
				DA7795EF235E880C00BA9F2E /* MovieGridViewController.swift */,
				DA7795F1235EA47100BA9F2E /* MovieGridCell.swift */,
			);
			path = flixter;
			sourceTree = "<group>";
		};
		DA205CEC2352F5710077EB1D /* flixterTests */ = {
			isa = PBXGroup;
			children = (
				DA205CED2352F5710077EB1D /* flixterTests.swift */,
				DA205CEF2352F5710077EB1D /* Info.plist */,
			);
			path = flixterTests;
			sourceTree = "<group>";
		};
		DA205CF72352F5710077EB1D /* flixterUITests */ = {
			isa = PBXGroup;
			children = (
				DA205CF82352F5710077EB1D /* flixterUITests.swift */,
				DA205CFA2352F5710077EB1D /* Info.plist */,
			);
			path = flixterUITests;
			sourceTree = "<group>";
		};
/* End PBXGroup section */

/* Begin PBXNativeTarget section */
		DA205CD22352F5700077EB1D /* flixter */ = {
			isa = PBXNativeTarget;
			buildConfigurationList = DA205CFD2352F5710077EB1D /* Build configuration list for PBXNativeTarget "flixter" */;
			buildPhases = (
				7EEC631728A1B64A2588D38B /* [CP] Check Pods Manifest.lock */,
				DA205CCF2352F5700077EB1D /* Sources */,
				DA205CD02352F5700077EB1D /* Frameworks */,
				DA205CD12352F5700077EB1D /* Resources */,
				FC0DA568D30C14CCC04DAEB6 /* [CP] Embed Pods Frameworks */,
			);
			buildRules = (
			);
			dependencies = (
			);
			name = flixter;
			productName = flixter;
			productReference = DA205CD32352F5700077EB1D /* flixter.app */;
			productType = "com.apple.product-type.application";
		};
		DA205CE82352F5710077EB1D /* flixterTests */ = {
			isa = PBXNativeTarget;
			buildConfigurationList = DA205D002352F5710077EB1D /* Build configuration list for PBXNativeTarget "flixterTests" */;
			buildPhases = (
				E8614B7B7BC81D49860FFC7A /* [CP] Check Pods Manifest.lock */,
				DA205CE52352F5710077EB1D /* Sources */,
				DA205CE62352F5710077EB1D /* Frameworks */,
				DA205CE72352F5710077EB1D /* Resources */,
			);
			buildRules = (
			);
			dependencies = (
				DA205CEB2352F5710077EB1D /* PBXTargetDependency */,
			);
			name = flixterTests;
			productName = flixterTests;
			productReference = DA205CE92352F5710077EB1D /* flixterTests.xctest */;
			productType = "com.apple.product-type.bundle.unit-test";
		};
		DA205CF32352F5710077EB1D /* flixterUITests */ = {
			isa = PBXNativeTarget;
			buildConfigurationList = DA205D032352F5710077EB1D /* Build configuration list for PBXNativeTarget "flixterUITests" */;
			buildPhases = (
				B5C2CF469065A46F8FEE9790 /* [CP] Check Pods Manifest.lock */,
				DA205CF02352F5710077EB1D /* Sources */,
				DA205CF12352F5710077EB1D /* Frameworks */,
				DA205CF22352F5710077EB1D /* Resources */,
				577082BA0E3A2555ACAE190F /* [CP] Embed Pods Frameworks */,
			);
			buildRules = (
			);
			dependencies = (
				DA205CF62352F5710077EB1D /* PBXTargetDependency */,
			);
			name = flixterUITests;
			productName = flixterUITests;
			productReference = DA205CF42352F5710077EB1D /* flixterUITests.xctest */;
			productType = "com.apple.product-type.bundle.ui-testing";
		};
/* End PBXNativeTarget section */

/* Begin PBXProject section */
		DA205CCB2352F5700077EB1D /* Project object */ = {
			isa = PBXProject;
			attributes = {
				LastSwiftUpdateCheck = 1110;
				LastUpgradeCheck = 1110;
				ORGANIZATIONNAME = "Paul Min";
				TargetAttributes = {
					DA205CD22352F5700077EB1D = {
						CreatedOnToolsVersion = 11.1;
					};
					DA205CE82352F5710077EB1D = {
						CreatedOnToolsVersion = 11.1;
						TestTargetID = DA205CD22352F5700077EB1D;
					};
					DA205CF32352F5710077EB1D = {
						CreatedOnToolsVersion = 11.1;
						TestTargetID = DA205CD22352F5700077EB1D;
					};
				};
			};
			buildConfigurationList = DA205CCE2352F5700077EB1D /* Build configuration list for PBXProject "flixter" */;
			compatibilityVersion = "Xcode 9.3";
			developmentRegion = en;
			hasScannedForEncodings = 0;
			knownRegions = (
				en,
				Base,
			);
			mainGroup = DA205CCA2352F5700077EB1D;
			productRefGroup = DA205CD42352F5700077EB1D /* Products */;
			projectDirPath = "";
			projectRoot = "";
			targets = (
				DA205CD22352F5700077EB1D /* flixter */,
				DA205CE82352F5710077EB1D /* flixterTests */,
				DA205CF32352F5710077EB1D /* flixterUITests */,
			);
		};
/* End PBXProject section */

/* Begin PBXResourcesBuildPhase section */
		DA205CD12352F5700077EB1D /* Resources */ = {
			isa = PBXResourcesBuildPhase;
			buildActionMask = 2147483647;
			files = (
				DA205CE32352F5700077EB1D /* LaunchScreen.storyboard in Resources */,
				DA205CE02352F5700077EB1D /* Assets.xcassets in Resources */,
				DA205CDE2352F5700077EB1D /* Main.storyboard in Resources */,
			);
			runOnlyForDeploymentPostprocessing = 0;
		};
		DA205CE72352F5710077EB1D /* Resources */ = {
			isa = PBXResourcesBuildPhase;
			buildActionMask = 2147483647;
			files = (
			);
			runOnlyForDeploymentPostprocessing = 0;
		};
		DA205CF22352F5710077EB1D /* Resources */ = {
			isa = PBXResourcesBuildPhase;
			buildActionMask = 2147483647;
			files = (
			);
			runOnlyForDeploymentPostprocessing = 0;
		};
/* End PBXResourcesBuildPhase section */

/* Begin PBXShellScriptBuildPhase section */
		577082BA0E3A2555ACAE190F /* [CP] Embed Pods Frameworks */ = {
			isa = PBXShellScriptBuildPhase;
			buildActionMask = 2147483647;
			files = (
			);
			inputFileListPaths = (
				"${PODS_ROOT}/Target Support Files/Pods-flixter-flixterUITests/Pods-flixter-flixterUITests-frameworks-${CONFIGURATION}-input-files.xcfilelist",
			);
			name = "[CP] Embed Pods Frameworks";
			outputFileListPaths = (
				"${PODS_ROOT}/Target Support Files/Pods-flixter-flixterUITests/Pods-flixter-flixterUITests-frameworks-${CONFIGURATION}-output-files.xcfilelist",
			);
			runOnlyForDeploymentPostprocessing = 0;
			shellPath = /bin/sh;
			shellScript = "\"${PODS_ROOT}/Target Support Files/Pods-flixter-flixterUITests/Pods-flixter-flixterUITests-frameworks.sh\"\n";
			showEnvVarsInLog = 0;
		};
		7EEC631728A1B64A2588D38B /* [CP] Check Pods Manifest.lock */ = {
			isa = PBXShellScriptBuildPhase;
			buildActionMask = 2147483647;
			files = (
			);
			inputFileListPaths = (
			);
			inputPaths = (
				"${PODS_PODFILE_DIR_PATH}/Podfile.lock",
				"${PODS_ROOT}/Manifest.lock",
			);
			name = "[CP] Check Pods Manifest.lock";
			outputFileListPaths = (
			);
			outputPaths = (
				"$(DERIVED_FILE_DIR)/Pods-flixter-checkManifestLockResult.txt",
			);
			runOnlyForDeploymentPostprocessing = 0;
			shellPath = /bin/sh;
			shellScript = "diff \"${PODS_PODFILE_DIR_PATH}/Podfile.lock\" \"${PODS_ROOT}/Manifest.lock\" > /dev/null\nif [ $? != 0 ] ; then\n    # print error to STDERR\n    echo \"error: The sandbox is not in sync with the Podfile.lock. Run 'pod install' or update your CocoaPods installation.\" >&2\n    exit 1\nfi\n# This output is used by Xcode 'outputs' to avoid re-running this script phase.\necho \"SUCCESS\" > \"${SCRIPT_OUTPUT_FILE_0}\"\n";
			showEnvVarsInLog = 0;
		};
		B5C2CF469065A46F8FEE9790 /* [CP] Check Pods Manifest.lock */ = {
			isa = PBXShellScriptBuildPhase;
			buildActionMask = 2147483647;
			files = (
			);
			inputFileListPaths = (
			);
			inputPaths = (
				"${PODS_PODFILE_DIR_PATH}/Podfile.lock",
				"${PODS_ROOT}/Manifest.lock",
			);
			name = "[CP] Check Pods Manifest.lock";
			outputFileListPaths = (
			);
			outputPaths = (
				"$(DERIVED_FILE_DIR)/Pods-flixter-flixterUITests-checkManifestLockResult.txt",
			);
			runOnlyForDeploymentPostprocessing = 0;
			shellPath = /bin/sh;
			shellScript = "diff \"${PODS_PODFILE_DIR_PATH}/Podfile.lock\" \"${PODS_ROOT}/Manifest.lock\" > /dev/null\nif [ $? != 0 ] ; then\n    # print error to STDERR\n    echo \"error: The sandbox is not in sync with the Podfile.lock. Run 'pod install' or update your CocoaPods installation.\" >&2\n    exit 1\nfi\n# This output is used by Xcode 'outputs' to avoid re-running this script phase.\necho \"SUCCESS\" > \"${SCRIPT_OUTPUT_FILE_0}\"\n";
			showEnvVarsInLog = 0;
		};
		E8614B7B7BC81D49860FFC7A /* [CP] Check Pods Manifest.lock */ = {
			isa = PBXShellScriptBuildPhase;
			buildActionMask = 2147483647;
			files = (
			);
			inputFileListPaths = (
			);
			inputPaths = (
				"${PODS_PODFILE_DIR_PATH}/Podfile.lock",
				"${PODS_ROOT}/Manifest.lock",
			);
			name = "[CP] Check Pods Manifest.lock";
			outputFileListPaths = (
			);
			outputPaths = (
				"$(DERIVED_FILE_DIR)/Pods-flixterTests-checkManifestLockResult.txt",
			);
			runOnlyForDeploymentPostprocessing = 0;
			shellPath = /bin/sh;
			shellScript = "diff \"${PODS_PODFILE_DIR_PATH}/Podfile.lock\" \"${PODS_ROOT}/Manifest.lock\" > /dev/null\nif [ $? != 0 ] ; then\n    # print error to STDERR\n    echo \"error: The sandbox is not in sync with the Podfile.lock. Run 'pod install' or update your CocoaPods installation.\" >&2\n    exit 1\nfi\n# This output is used by Xcode 'outputs' to avoid re-running this script phase.\necho \"SUCCESS\" > \"${SCRIPT_OUTPUT_FILE_0}\"\n";
			showEnvVarsInLog = 0;
		};
		FC0DA568D30C14CCC04DAEB6 /* [CP] Embed Pods Frameworks */ = {
			isa = PBXShellScriptBuildPhase;
			buildActionMask = 2147483647;
			files = (
			);
			inputFileListPaths = (
				"${PODS_ROOT}/Target Support Files/Pods-flixter/Pods-flixter-frameworks-${CONFIGURATION}-input-files.xcfilelist",
			);
			name = "[CP] Embed Pods Frameworks";
			outputFileListPaths = (
				"${PODS_ROOT}/Target Support Files/Pods-flixter/Pods-flixter-frameworks-${CONFIGURATION}-output-files.xcfilelist",
			);
			runOnlyForDeploymentPostprocessing = 0;
			shellPath = /bin/sh;
			shellScript = "\"${PODS_ROOT}/Target Support Files/Pods-flixter/Pods-flixter-frameworks.sh\"\n";
			showEnvVarsInLog = 0;
		};
/* End PBXShellScriptBuildPhase section */

/* Begin PBXSourcesBuildPhase section */
		DA205CCF2352F5700077EB1D /* Sources */ = {
			isa = PBXSourcesBuildPhase;
			buildActionMask = 2147483647;
			files = (
				DA7795EE235D4E4300BA9F2E /* MovieDetailsViewController.swift in Sources */,
				DA205CD72352F5700077EB1D /* AppDelegate.swift in Sources */,
				DA205CD92352F5700077EB1D /* SceneDelegate.swift in Sources */,
				DA766A722354547B0016D4F2 /* MovieCell.swift in Sources */,
				DA205D072352F9960077EB1D /* MoviesViewController.swift in Sources */,
				DA7795F0235E880C00BA9F2E /* MovieGridViewController.swift in Sources */,
				DA7795F2235EA47100BA9F2E /* MovieGridCell.swift in Sources */,
			);
			runOnlyForDeploymentPostprocessing = 0;
		};
		DA205CE52352F5710077EB1D /* Sources */ = {
			isa = PBXSourcesBuildPhase;
			buildActionMask = 2147483647;
			files = (
				DA205CEE2352F5710077EB1D /* flixterTests.swift in Sources */,
			);
			runOnlyForDeploymentPostprocessing = 0;
		};
		DA205CF02352F5710077EB1D /* Sources */ = {
			isa = PBXSourcesBuildPhase;
			buildActionMask = 2147483647;
			files = (
				DA205CF92352F5710077EB1D /* flixterUITests.swift in Sources */,
			);
			runOnlyForDeploymentPostprocessing = 0;
		};
/* End PBXSourcesBuildPhase section */

/* Begin PBXTargetDependency section */
		DA205CEB2352F5710077EB1D /* PBXTargetDependency */ = {
			isa = PBXTargetDependency;
			target = DA205CD22352F5700077EB1D /* flixter */;
			targetProxy = DA205CEA2352F5710077EB1D /* PBXContainerItemProxy */;
		};
		DA205CF62352F5710077EB1D /* PBXTargetDependency */ = {
			isa = PBXTargetDependency;
			target = DA205CD22352F5700077EB1D /* flixter */;
			targetProxy = DA205CF52352F5710077EB1D /* PBXContainerItemProxy */;
		};
/* End PBXTargetDependency section */

/* Begin PBXVariantGroup section */
		DA205CDC2352F5700077EB1D /* Main.storyboard */ = {
			isa = PBXVariantGroup;
			children = (
				DA205CDD2352F5700077EB1D /* Base */,
			);
			name = Main.storyboard;
			sourceTree = "<group>";
		};
		DA205CE12352F5700077EB1D /* LaunchScreen.storyboard */ = {
			isa = PBXVariantGroup;
			children = (
				DA205CE22352F5700077EB1D /* Base */,
			);
			name = LaunchScreen.storyboard;
			sourceTree = "<group>";
		};
/* End PBXVariantGroup section */

/* Begin XCBuildConfiguration section */
		DA205CFB2352F5710077EB1D /* Debug */ = {
			isa = XCBuildConfiguration;
			buildSettings = {
				ALWAYS_SEARCH_USER_PATHS = NO;
				CLANG_ANALYZER_NONNULL = YES;
				CLANG_ANALYZER_NUMBER_OBJECT_CONVERSION = YES_AGGRESSIVE;
				CLANG_CXX_LANGUAGE_STANDARD = "gnu++14";
				CLANG_CXX_LIBRARY = "libc++";
				CLANG_ENABLE_MODULES = YES;
				CLANG_ENABLE_OBJC_ARC = YES;
				CLANG_ENABLE_OBJC_WEAK = YES;
				CLANG_WARN_BLOCK_CAPTURE_AUTORELEASING = YES;
				CLANG_WARN_BOOL_CONVERSION = YES;
				CLANG_WARN_COMMA = YES;
				CLANG_WARN_CONSTANT_CONVERSION = YES;
				CLANG_WARN_DEPRECATED_OBJC_IMPLEMENTATIONS = YES;
				CLANG_WARN_DIRECT_OBJC_ISA_USAGE = YES_ERROR;
				CLANG_WARN_DOCUMENTATION_COMMENTS = YES;
				CLANG_WARN_EMPTY_BODY = YES;
				CLANG_WARN_ENUM_CONVERSION = YES;
				CLANG_WARN_INFINITE_RECURSION = YES;
				CLANG_WARN_INT_CONVERSION = YES;
				CLANG_WARN_NON_LITERAL_NULL_CONVERSION = YES;
				CLANG_WARN_OBJC_IMPLICIT_RETAIN_SELF = YES;
				CLANG_WARN_OBJC_LITERAL_CONVERSION = YES;
				CLANG_WARN_OBJC_ROOT_CLASS = YES_ERROR;
				CLANG_WARN_RANGE_LOOP_ANALYSIS = YES;
				CLANG_WARN_STRICT_PROTOTYPES = YES;
				CLANG_WARN_SUSPICIOUS_MOVE = YES;
				CLANG_WARN_UNGUARDED_AVAILABILITY = YES_AGGRESSIVE;
				CLANG_WARN_UNREACHABLE_CODE = YES;
				CLANG_WARN__DUPLICATE_METHOD_MATCH = YES;
				COPY_PHASE_STRIP = NO;
				DEBUG_INFORMATION_FORMAT = dwarf;
				ENABLE_STRICT_OBJC_MSGSEND = YES;
				ENABLE_TESTABILITY = YES;
				GCC_C_LANGUAGE_STANDARD = gnu11;
				GCC_DYNAMIC_NO_PIC = NO;
				GCC_NO_COMMON_BLOCKS = YES;
				GCC_OPTIMIZATION_LEVEL = 0;
				GCC_PREPROCESSOR_DEFINITIONS = (
					"DEBUG=1",
					"$(inherited)",
				);
				GCC_WARN_64_TO_32_BIT_CONVERSION = YES;
				GCC_WARN_ABOUT_RETURN_TYPE = YES_ERROR;
				GCC_WARN_UNDECLARED_SELECTOR = YES;
				GCC_WARN_UNINITIALIZED_AUTOS = YES_AGGRESSIVE;
				GCC_WARN_UNUSED_FUNCTION = YES;
				GCC_WARN_UNUSED_VARIABLE = YES;
				IPHONEOS_DEPLOYMENT_TARGET = 13.1;
				MTL_ENABLE_DEBUG_INFO = INCLUDE_SOURCE;
				MTL_FAST_MATH = YES;
				ONLY_ACTIVE_ARCH = YES;
				SDKROOT = iphoneos;
				SWIFT_ACTIVE_COMPILATION_CONDITIONS = DEBUG;
				SWIFT_OPTIMIZATION_LEVEL = "-Onone";
			};
			name = Debug;
		};
		DA205CFC2352F5710077EB1D /* Release */ = {
			isa = XCBuildConfiguration;
			buildSettings = {
				ALWAYS_SEARCH_USER_PATHS = NO;
				CLANG_ANALYZER_NONNULL = YES;
				CLANG_ANALYZER_NUMBER_OBJECT_CONVERSION = YES_AGGRESSIVE;
				CLANG_CXX_LANGUAGE_STANDARD = "gnu++14";
				CLANG_CXX_LIBRARY = "libc++";
				CLANG_ENABLE_MODULES = YES;
				CLANG_ENABLE_OBJC_ARC = YES;
				CLANG_ENABLE_OBJC_WEAK = YES;
				CLANG_WARN_BLOCK_CAPTURE_AUTORELEASING = YES;
				CLANG_WARN_BOOL_CONVERSION = YES;
				CLANG_WARN_COMMA = YES;
				CLANG_WARN_CONSTANT_CONVERSION = YES;
				CLANG_WARN_DEPRECATED_OBJC_IMPLEMENTATIONS = YES;
				CLANG_WARN_DIRECT_OBJC_ISA_USAGE = YES_ERROR;
				CLANG_WARN_DOCUMENTATION_COMMENTS = YES;
				CLANG_WARN_EMPTY_BODY = YES;
				CLANG_WARN_ENUM_CONVERSION = YES;
				CLANG_WARN_INFINITE_RECURSION = YES;
				CLANG_WARN_INT_CONVERSION = YES;
				CLANG_WARN_NON_LITERAL_NULL_CONVERSION = YES;
				CLANG_WARN_OBJC_IMPLICIT_RETAIN_SELF = YES;
				CLANG_WARN_OBJC_LITERAL_CONVERSION = YES;
				CLANG_WARN_OBJC_ROOT_CLASS = YES_ERROR;
				CLANG_WARN_RANGE_LOOP_ANALYSIS = YES;
				CLANG_WARN_STRICT_PROTOTYPES = YES;
				CLANG_WARN_SUSPICIOUS_MOVE = YES;
				CLANG_WARN_UNGUARDED_AVAILABILITY = YES_AGGRESSIVE;
				CLANG_WARN_UNREACHABLE_CODE = YES;
				CLANG_WARN__DUPLICATE_METHOD_MATCH = YES;
				COPY_PHASE_STRIP = NO;
				DEBUG_INFORMATION_FORMAT = "dwarf-with-dsym";
				ENABLE_NS_ASSERTIONS = NO;
				ENABLE_STRICT_OBJC_MSGSEND = YES;
				GCC_C_LANGUAGE_STANDARD = gnu11;
				GCC_NO_COMMON_BLOCKS = YES;
				GCC_WARN_64_TO_32_BIT_CONVERSION = YES;
				GCC_WARN_ABOUT_RETURN_TYPE = YES_ERROR;
				GCC_WARN_UNDECLARED_SELECTOR = YES;
				GCC_WARN_UNINITIALIZED_AUTOS = YES_AGGRESSIVE;
				GCC_WARN_UNUSED_FUNCTION = YES;
				GCC_WARN_UNUSED_VARIABLE = YES;
				IPHONEOS_DEPLOYMENT_TARGET = 13.1;
				MTL_ENABLE_DEBUG_INFO = NO;
				MTL_FAST_MATH = YES;
				SDKROOT = iphoneos;
				SWIFT_COMPILATION_MODE = wholemodule;
				SWIFT_OPTIMIZATION_LEVEL = "-O";
				VALIDATE_PRODUCT = YES;
			};
			name = Release;
		};
		DA205CFE2352F5710077EB1D /* Debug */ = {
			isa = XCBuildConfiguration;
			baseConfigurationReference = 2EA3C8E85C57E44A97675E0B /* Pods-flixter.debug.xcconfig */;
			buildSettings = {
				ASSETCATALOG_COMPILER_APPICON_NAME = AppIcon;
				CODE_SIGN_STYLE = Automatic;
				DEVELOPMENT_TEAM = LXAHQK4K4A;
				INFOPLIST_FILE = flixter/Info.plist;
				LD_RUNPATH_SEARCH_PATHS = (
					"$(inherited)",
					"@executable_path/Frameworks",
				);
				PRODUCT_BUNDLE_IDENTIFIER = com.paulmin.flixter;
				PRODUCT_NAME = "$(TARGET_NAME)";
				SWIFT_VERSION = 5.0;
				TARGETED_DEVICE_FAMILY = "1,2";
			};
			name = Debug;
		};
		DA205CFF2352F5710077EB1D /* Release */ = {
			isa = XCBuildConfiguration;
			baseConfigurationReference = 3071B0E487280768FF1C977C /* Pods-flixter.release.xcconfig */;
			buildSettings = {
				ASSETCATALOG_COMPILER_APPICON_NAME = AppIcon;
				CODE_SIGN_STYLE = Automatic;
				DEVELOPMENT_TEAM = LXAHQK4K4A;
				INFOPLIST_FILE = flixter/Info.plist;
				LD_RUNPATH_SEARCH_PATHS = (
					"$(inherited)",
					"@executable_path/Frameworks",
				);
				PRODUCT_BUNDLE_IDENTIFIER = com.paulmin.flixter;
				PRODUCT_NAME = "$(TARGET_NAME)";
				SWIFT_VERSION = 5.0;
				TARGETED_DEVICE_FAMILY = "1,2";
			};
			name = Release;
		};
		DA205D012352F5710077EB1D /* Debug */ = {
			isa = XCBuildConfiguration;
			baseConfigurationReference = 3EA7EB838AAA8513E291AE17 /* Pods-flixterTests.debug.xcconfig */;
			buildSettings = {
				ALWAYS_EMBED_SWIFT_STANDARD_LIBRARIES = YES;
				BUNDLE_LOADER = "$(TEST_HOST)";
				CODE_SIGN_STYLE = Automatic;
				DEVELOPMENT_TEAM = LXAHQK4K4A;
				INFOPLIST_FILE = flixterTests/Info.plist;
				IPHONEOS_DEPLOYMENT_TARGET = 13.1;
				LD_RUNPATH_SEARCH_PATHS = (
					"$(inherited)",
					"@executable_path/Frameworks",
					"@loader_path/Frameworks",
				);
				PRODUCT_BUNDLE_IDENTIFIER = com.paulmin.flixterTests;
				PRODUCT_NAME = "$(TARGET_NAME)";
				SWIFT_VERSION = 5.0;
				TARGETED_DEVICE_FAMILY = "1,2";
				TEST_HOST = "$(BUILT_PRODUCTS_DIR)/flixter.app/flixter";
			};
			name = Debug;
		};
		DA205D022352F5710077EB1D /* Release */ = {
			isa = XCBuildConfiguration;
			baseConfigurationReference = 5CAC7A070BC390E24F05DB46 /* Pods-flixterTests.release.xcconfig */;
			buildSettings = {
				ALWAYS_EMBED_SWIFT_STANDARD_LIBRARIES = YES;
				BUNDLE_LOADER = "$(TEST_HOST)";
				CODE_SIGN_STYLE = Automatic;
				DEVELOPMENT_TEAM = LXAHQK4K4A;
				INFOPLIST_FILE = flixterTests/Info.plist;
				IPHONEOS_DEPLOYMENT_TARGET = 13.1;
				LD_RUNPATH_SEARCH_PATHS = (
					"$(inherited)",
					"@executable_path/Frameworks",
					"@loader_path/Frameworks",
				);
				PRODUCT_BUNDLE_IDENTIFIER = com.paulmin.flixterTests;
				PRODUCT_NAME = "$(TARGET_NAME)";
				SWIFT_VERSION = 5.0;
				TARGETED_DEVICE_FAMILY = "1,2";
				TEST_HOST = "$(BUILT_PRODUCTS_DIR)/flixter.app/flixter";
			};
			name = Release;
		};
		DA205D042352F5710077EB1D /* Debug */ = {
			isa = XCBuildConfiguration;
			baseConfigurationReference = B849EA61CC99CAA3CAC18AD8 /* Pods-flixter-flixterUITests.debug.xcconfig */;
			buildSettings = {
				ALWAYS_EMBED_SWIFT_STANDARD_LIBRARIES = YES;
				CODE_SIGN_STYLE = Automatic;
				DEVELOPMENT_TEAM = LXAHQK4K4A;
				INFOPLIST_FILE = flixterUITests/Info.plist;
				LD_RUNPATH_SEARCH_PATHS = (
					"$(inherited)",
					"@executable_path/Frameworks",
					"@loader_path/Frameworks",
				);
				PRODUCT_BUNDLE_IDENTIFIER = com.paulmin.flixterUITests;
				PRODUCT_NAME = "$(TARGET_NAME)";
				SWIFT_VERSION = 5.0;
				TARGETED_DEVICE_FAMILY = "1,2";
				TEST_TARGET_NAME = flixter;
			};
			name = Debug;
		};
		DA205D052352F5710077EB1D /* Release */ = {
			isa = XCBuildConfiguration;
			baseConfigurationReference = A0553DD73D394732867414E8 /* Pods-flixter-flixterUITests.release.xcconfig */;
			buildSettings = {
				ALWAYS_EMBED_SWIFT_STANDARD_LIBRARIES = YES;
				CODE_SIGN_STYLE = Automatic;
				DEVELOPMENT_TEAM = LXAHQK4K4A;
				INFOPLIST_FILE = flixterUITests/Info.plist;
				LD_RUNPATH_SEARCH_PATHS = (
					"$(inherited)",
					"@executable_path/Frameworks",
					"@loader_path/Frameworks",
				);
				PRODUCT_BUNDLE_IDENTIFIER = com.paulmin.flixterUITests;
				PRODUCT_NAME = "$(TARGET_NAME)";
				SWIFT_VERSION = 5.0;
				TARGETED_DEVICE_FAMILY = "1,2";
				TEST_TARGET_NAME = flixter;
			};
			name = Release;
		};
/* End XCBuildConfiguration section */

/* Begin XCConfigurationList section */
		DA205CCE2352F5700077EB1D /* Build configuration list for PBXProject "flixter" */ = {
			isa = XCConfigurationList;
			buildConfigurations = (
				DA205CFB2352F5710077EB1D /* Debug */,
				DA205CFC2352F5710077EB1D /* Release */,
			);
			defaultConfigurationIsVisible = 0;
			defaultConfigurationName = Release;
		};
		DA205CFD2352F5710077EB1D /* Build configuration list for PBXNativeTarget "flixter" */ = {
			isa = XCConfigurationList;
			buildConfigurations = (
				DA205CFE2352F5710077EB1D /* Debug */,
				DA205CFF2352F5710077EB1D /* Release */,
			);
			defaultConfigurationIsVisible = 0;
			defaultConfigurationName = Release;
		};
		DA205D002352F5710077EB1D /* Build configuration list for PBXNativeTarget "flixterTests" */ = {
			isa = XCConfigurationList;
			buildConfigurations = (
				DA205D012352F5710077EB1D /* Debug */,
				DA205D022352F5710077EB1D /* Release */,
			);
			defaultConfigurationIsVisible = 0;
			defaultConfigurationName = Release;
		};
		DA205D032352F5710077EB1D /* Build configuration list for PBXNativeTarget "flixterUITests" */ = {
			isa = XCConfigurationList;
			buildConfigurations = (
				DA205D042352F5710077EB1D /* Debug */,
				DA205D052352F5710077EB1D /* Release */,
			);
			defaultConfigurationIsVisible = 0;
			defaultConfigurationName = Release;
		};
/* End XCConfigurationList section */
	};
	rootObject = DA205CCB2352F5700077EB1D /* Project object */;
}
